
Microsoft Visual Studio Solution File, Format Version 12.00
# Visual Studio Version 17
VisualStudioVersion = 17.5.002.0
MinimumVisualStudioVersion = 10.0.40219.1
Project("{9A19103F-16F7-4668-BE54-9A1E7A4F7556}") = "Lab9", "Lab9.csproj", "{8243158D-AFD4-48D4-ACD5-B46FB0B98F2C}"
EndProject
Global
	GlobalSection(SolutionConfigurationPlatforms) = preSolution
		Debug|Any CPU = Debug|Any CPU
		Release|Any CPU = Release|Any CPU
	EndGlobalSection
	GlobalSection(ProjectConfigurationPlatforms) = postSolution
		{8243158D-AFD4-48D4-ACD5-B46FB0B98F2C}.Debug|Any CPU.ActiveCfg = Debug|Any CPU
		{8243158D-AFD4-48D4-ACD5-B46FB0B98F2C}.Debug|Any CPU.Build.0 = Debug|Any CPU
		{8243158D-AFD4-48D4-ACD5-B46FB0B98F2C}.Release|Any CPU.ActiveCfg = Release|Any CPU
		{8243158D-AFD4-48D4-ACD5-B46FB0B98F2C}.Release|Any CPU.Build.0 = Release|Any CPU
	EndGlobalSection
	GlobalSection(SolutionProperties) = preSolution
		HideSolutionNode = FALSE
	EndGlobalSection
	GlobalSection(ExtensibilityGlobals) = postSolution
		SolutionGuid = {FE050C20-82D1-420F-8777-32686AF9366E}
	EndGlobalSection
EndGlobal
